
Microsoft Visual Studio Solution File, Format Version 12.00
# Visual Studio 15
VisualStudioVersion = 15.0.27703.2042
MinimumVisualStudioVersion = 10.0.40219.1
Project("{888888A0-9F3D-457C-B088-3A5042F75D52}") = "Decode_minst_data", "Decode_minst_data\Decode_minst_data.pyproj", "{C9D47711-2C18-4A78-BAA6-2B24670A5055}"
EndProject
Global
	GlobalSection(SolutionConfigurationPlatforms) = preSolution
		Debug|Any CPU = Debug|Any CPU
		Release|Any CPU = Release|Any CPU
	EndGlobalSection
	GlobalSection(ProjectConfigurationPlatforms) = postSolution
		{C9D47711-2C18-4A78-BAA6-2B24670A5055}.Debug|Any CPU.ActiveCfg = Debug|Any CPU
		{C9D47711-2C18-4A78-BAA6-2B24670A5055}.Release|Any CPU.ActiveCfg = Release|Any CPU
	EndGlobalSection
	GlobalSection(SolutionProperties) = preSolution
		HideSolutionNode = FALSE
	EndGlobalSection
	GlobalSection(ExtensibilityGlobals) = postSolution
		SolutionGuid = {861F7A4F-619E-42E7-B1F0-76E66D62CC2E}
	EndGlobalSection
EndGlobal
